
Microsoft Visual Studio Solution File, Format Version 12.00
# Visual Studio Version 17
VisualStudioVersion = 17.0.31611.283
MinimumVisualStudioVersion = 10.0.40219.1
Project("{9A19103F-16F7-4668-BE54-9A1E7A4F7556}") = "Andreichuk_153505_lab1", "Andreichuk_153505_lab1\Andreichuk_153505_lab1.csproj", "{67C3F35A-5AB0-47F1-BC90-C577DA4FDE04}"
EndProject
Project("{2150E333-8FDC-42A3-9474-1A3956D46DE8}") = "Элементы решения", "Элементы решения", "{DB7DA406-1A36-416A-A8F7-01CED56DA6F5}"
EndProject
Global
	GlobalSection(SolutionConfigurationPlatforms) = preSolution
		Debug|Any CPU = Debug|Any CPU
		Release|Any CPU = Release|Any CPU
	EndGlobalSection
	GlobalSection(ProjectConfigurationPlatforms) = postSolution
		{67C3F35A-5AB0-47F1-BC90-C577DA4FDE04}.Debug|Any CPU.ActiveCfg = Debug|Any CPU
		{67C3F35A-5AB0-47F1-BC90-C577DA4FDE04}.Debug|Any CPU.Build.0 = Debug|Any CPU
		{67C3F35A-5AB0-47F1-BC90-C577DA4FDE04}.Debug|Any CPU.Deploy.0 = Debug|Any CPU
		{67C3F35A-5AB0-47F1-BC90-C577DA4FDE04}.Release|Any CPU.ActiveCfg = Release|Any CPU
		{67C3F35A-5AB0-47F1-BC90-C577DA4FDE04}.Release|Any CPU.Build.0 = Release|Any CPU
		{67C3F35A-5AB0-47F1-BC90-C577DA4FDE04}.Release|Any CPU.Deploy.0 = Release|Any CPU
	EndGlobalSection
	GlobalSection(SolutionProperties) = preSolution
		HideSolutionNode = FALSE
	EndGlobalSection
	GlobalSection(ExtensibilityGlobals) = postSolution
		SolutionGuid = {61F7FB11-1E47-470C-91E2-47F8143E1572}
	EndGlobalSection
EndGlobal
